
Microsoft Visual Studio Solution File, Format Version 12.00
# Visual Studio Version 16
VisualStudioVersion = 16.0.30011.22
MinimumVisualStudioVersion = 10.0.40219.1
Project("{9A19103F-16F7-4668-BE54-9A1E7A4F7556}") = "LD47", "LD47.csproj", "{01A30393-0BA0-4767-BAA6-55014E386FC9}"
EndProject
Global
	GlobalSection(SolutionConfigurationPlatforms) = preSolution
		Debug|Any CPU = Debug|Any CPU
		Release|Any CPU = Release|Any CPU
	EndGlobalSection
	GlobalSection(ProjectConfigurationPlatforms) = postSolution
		{01A30393-0BA0-4767-BAA6-55014E386FC9}.Debug|Any CPU.ActiveCfg = Debug|Any CPU
		{01A30393-0BA0-4767-BAA6-55014E386FC9}.Debug|Any CPU.Build.0 = Debug|Any CPU
		{01A30393-0BA0-4767-BAA6-55014E386FC9}.Release|Any CPU.ActiveCfg = Release|Any CPU
		{01A30393-0BA0-4767-BAA6-55014E386FC9}.Release|Any CPU.Build.0 = Release|Any CPU
	EndGlobalSection
	GlobalSection(SolutionProperties) = preSolution
		HideSolutionNode = FALSE
	EndGlobalSection
	GlobalSection(ExtensibilityGlobals) = postSolution
		SolutionGuid = {CD19081E-3001-4613-BFF4-6BBEBCC3C741}
	EndGlobalSection
EndGlobal
